Microsoft Visual Studio Solution File, Format Version 11.00
# Visual Studio 2008

Project("{4A251C69-F065-EAEE-E664-9473FA41D812}") = "The Sound", "Assembly-CSharp.csproj", "{3219C110-EA6C-8970-0CD4-12DC7E77A76F}"
EndProject
Global
	GlobalSection(SolutionConfigurationPlatforms) = preSolution
		Debug|Any CPU = Debug|Any CPU
		Release|Any CPU = Release|Any CPU
	EndGlobalSection
	GlobalSection(ProjectConfigurationPlatforms) = postSolution
		{3219C110-EA6C-8970-0CD4-12DC7E77A76F}.Debug|Any CPU.ActiveCfg = Debug|Any CPU
		{3219C110-EA6C-8970-0CD4-12DC7E77A76F}.Debug|Any CPU.Build.0 = Debug|Any CPU
		{3219C110-EA6C-8970-0CD4-12DC7E77A76F}.Release|Any CPU.ActiveCfg = Release|Any CPU
		{3219C110-EA6C-8970-0CD4-12DC7E77A76F}.Release|Any CPU.Build.0 = Release|Any CPU
	EndGlobalSection
	GlobalSection(SolutionProperties) = preSolution
		HideSolutionNode = FALSE
	EndGlobalSection
	GlobalSection(MonoDevelopProperties) = preSolution
		StartupItem = Assembly-CSharp.csproj
	EndGlobalSection
EndGlobal
